
Microsoft Visual Studio Solution File, Format Version 12.00
# Visual Studio Version 17
VisualStudioVersion = 17.10.35122.118
MinimumVisualStudioVersion = 10.0.40219.1
Project("{9A19103F-16F7-4668-BE54-9A1E7A4F7556}") = "DAL", "DAL\DAL.csproj", "{83CCFC0C-7924-4384-8F47-EA934BFD230A}"
EndProject
Project("{FAE04EC0-301F-11D3-BF4B-00C04F79EFBC}") = "DAL.Tests", "DAL.Tests\DAL.Tests.csproj", "{B5C106DC-D7AC-4906-BBFB-02EC39ACC5D7}"
EndProject
Global
	GlobalSection(SolutionConfigurationPlatforms) = preSolution
		Debug|Any CPU = Debug|Any CPU
		Release|Any CPU = Release|Any CPU
	EndGlobalSection
	GlobalSection(ProjectConfigurationPlatforms) = postSolution
		{83CCFC0C-7924-4384-8F47-EA934BFD230A}.Debug|Any CPU.ActiveCfg = Debug|Any CPU
		{83CCFC0C-7924-4384-8F47-EA934BFD230A}.Debug|Any CPU.Build.0 = Debug|Any CPU
		{83CCFC0C-7924-4384-8F47-EA934BFD230A}.Release|Any CPU.ActiveCfg = Release|Any CPU
		{83CCFC0C-7924-4384-8F47-EA934BFD230A}.Release|Any CPU.Build.0 = Release|Any CPU
		{B5C106DC-D7AC-4906-BBFB-02EC39ACC5D7}.Debug|Any CPU.ActiveCfg = Debug|Any CPU
		{B5C106DC-D7AC-4906-BBFB-02EC39ACC5D7}.Debug|Any CPU.Build.0 = Debug|Any CPU
		{B5C106DC-D7AC-4906-BBFB-02EC39ACC5D7}.Release|Any CPU.ActiveCfg = Release|Any CPU
		{B5C106DC-D7AC-4906-BBFB-02EC39ACC5D7}.Release|Any CPU.Build.0 = Release|Any CPU
	EndGlobalSection
	GlobalSection(SolutionProperties) = preSolution
		HideSolutionNode = FALSE
	EndGlobalSection
	GlobalSection(ExtensibilityGlobals) = postSolution
		SolutionGuid = {969B2135-97E1-4F2C-B405-186CA9BC959C}
	EndGlobalSection
EndGlobal
